
Microsoft Visual Studio Solution File, Format Version 12.00
# Visual Studio Version 16
VisualStudioVersion = 16.0.30406.217
MinimumVisualStudioVersion = 10.0.40219.1
Project("{888888A0-9F3D-457C-B088-3A5042F75D52}") = "Chip8", "Chip8\Chip8.pyproj", "{133E4E7A-443C-4226-B5C8-68EC93D8CC1F}"
EndProject
Global
	GlobalSection(SolutionConfigurationPlatforms) = preSolution
		Debug|Any CPU = Debug|Any CPU
		Release|Any CPU = Release|Any CPU
	EndGlobalSection
	GlobalSection(ProjectConfigurationPlatforms) = postSolution
		{133E4E7A-443C-4226-B5C8-68EC93D8CC1F}.Debug|Any CPU.ActiveCfg = Debug|Any CPU
		{133E4E7A-443C-4226-B5C8-68EC93D8CC1F}.Release|Any CPU.ActiveCfg = Release|Any CPU
	EndGlobalSection
	GlobalSection(SolutionProperties) = preSolution
		HideSolutionNode = FALSE
	EndGlobalSection
	GlobalSection(ExtensibilityGlobals) = postSolution
		SolutionGuid = {AEE43608-514F-45DD-8D88-231C29AB5296}
	EndGlobalSection
EndGlobal
